{
  "name": "fuzzysearch",
  "version": "1.0.0",
  "lockfileVersion": 3,
  "requires": true,
  "packages": {
    "": {
      "name": "fuzzysearch",
      "version": "1.0.0",
      "license": "ISC",
      "dependencies": {
        "@m31coding/fuzzy-search": "^1.0.1",
        "fs": "^0.0.1-security"
      }
    },
    "node_modules/@m31coding/fuzzy-search": {
      "version": "1.0.1",
      "resolved": "https://registry.npmjs.org/@m31coding/fuzzy-search/-/fuzzy-search-1.0.1.tgz",
      "integrity": "sha512-OcLVLGDd3SrA+J1pOY/eFrjR525RZp59OZjkivtXndX0g+SaQksxIBlYhCu+i82AeLhJKz7a2bseGe+7lbdIoA==",
      "license": "MIT"
    },
    "node_modules/fs": {
      "version": "0.0.1-security",
      "resolved": "https://registry.npmjs.org/fs/-/fs-0.0.1-security.tgz",
      "integrity": "sha512-3XY9e1pP0CVEUCdj5BmfIZxRBTSDycnbqhIOGec9QYtmVH2fbLpj86CFWkrNOkt/Fvty4KZG5lTglL9j/gJ87w==",
      "license": "ISC"
    }
  }
}
